// !$*UTF8*$!
{
	archiveVersion = 1;
	classes = {
	};
	objectVersion = 55;
	objects = {

/* Begin PBXBuildFile section */
		AA00E7B7290DD046007C2BEF /* data.hpp in Sources */ = {isa = PBXBuildFile; fileRef = AA00E7B6290DD046007C2BEF /* data.hpp */; };
		AA3317A5291ABC3D00D206E6 /* solution.cpp in Sources */ = {isa = PBXBuildFile; fileRef = AA3317A3291ABC3D00D206E6 /* solution.cpp */; };
		AA3D1F702916A15200B45B10 /* args.cpp in Sources */ = {isa = PBXBuildFile; fileRef = AA3D1F6F2916A15200B45B10 /* args.cpp */; };
		AAA8E6C2290B07C800B0CD77 /* main.cpp in Sources */ = {isa = PBXBuildFile; fileRef = AAA8E6C1290B07C800B0CD77 /* main.cpp */; };
		AAA8E6C4290B0D2D00B0CD77 /* piece.cpp in Sources */ = {isa = PBXBuildFile; fileRef = AAA8E6C3290B0D2D00B0CD77 /* piece.cpp */; };
		AAF68BD6290AE50500D33E9B /* Singleton.cpp in Sources */ = {isa = PBXBuildFile; fileRef = AAF68BD1290AE50500D33E9B /* Singleton.cpp */; };
/* End PBXBuildFile section */

/* Begin PBXCopyFilesBuildPhase section */
		AAF68BC3290AE4D000D33E9B /* CopyFiles */ = {
			isa = PBXCopyFilesBuildPhase;
			buildActionMask = 2147483647;
			dstPath = /usr/share/man/man1/;
			dstSubfolderSpec = 0;
			files = (
			);
			runOnlyForDeploymentPostprocessing = 1;
		};
/* End PBXCopyFilesBuildPhase section */

/* Begin PBXFileReference section */
		AA00E7B6290DD046007C2BEF /* data.hpp */ = {isa = PBXFileReference; lastKnownFileType = sourcecode.cpp.h; path = data.hpp; sourceTree = "<group>"; };
		AA00E7B92910953F007C2BEF /* libncurses.tbd */ = {isa = PBXFileReference; lastKnownFileType = "sourcecode.text-based-dylib-definition"; name = libncurses.tbd; path = usr/lib/libncurses.tbd; sourceTree = SDKROOT; };
		AA3317A3291ABC3D00D206E6 /* solution.cpp */ = {isa = PBXFileReference; lastKnownFileType = sourcecode.cpp.cpp; path = solution.cpp; sourceTree = "<group>"; };
		AA3317A4291ABC3D00D206E6 /* solution.hpp */ = {isa = PBXFileReference; lastKnownFileType = sourcecode.cpp.h; path = solution.hpp; sourceTree = "<group>"; };
		AA3D1F6C2916998B00B45B10 /* termcolor.hpp */ = {isa = PBXFileReference; lastKnownFileType = sourcecode.cpp.h; path = termcolor.hpp; sourceTree = "<group>"; };
		AA3D1F6E2916A15200B45B10 /* args.h */ = {isa = PBXFileReference; lastKnownFileType = sourcecode.c.h; path = args.h; sourceTree = "<group>"; };
		AA3D1F6F2916A15200B45B10 /* args.cpp */ = {isa = PBXFileReference; lastKnownFileType = sourcecode.cpp.cpp; path = args.cpp; sourceTree = "<group>"; };
		AA3D1F7B291727ED00B45B10 /* data2x2.txt */ = {isa = PBXFileReference; lastKnownFileType = text; path = data2x2.txt; sourceTree = "<group>"; };
		AA3D1F7D2917286500B45B10 /* data3x3.txt */ = {isa = PBXFileReference; lastKnownFileType = text; path = data3x3.txt; sourceTree = "<group>"; };
		AA3D1F7E291728C300B45B10 /* data4x4.txt */ = {isa = PBXFileReference; lastKnownFileType = text; path = data4x4.txt; sourceTree = "<group>"; };
		AA3D1F7F291728F000B45B10 /* data5x5.txt */ = {isa = PBXFileReference; lastKnownFileType = text; path = data5x5.txt; sourceTree = "<group>"; };
		AA3D1F802917291C00B45B10 /* data6x6.txt */ = {isa = PBXFileReference; lastKnownFileType = text; path = data6x6.txt; sourceTree = "<group>"; };
		AA3D1F812917296800B45B10 /* data7x7.txt */ = {isa = PBXFileReference; lastKnownFileType = text; path = data7x7.txt; sourceTree = "<group>"; };
		AA3D1F8229184A2B00B45B10 /* data8x8.txt */ = {isa = PBXFileReference; lastKnownFileType = text; path = data8x8.txt; sourceTree = "<group>"; };
		AA8BCCD8291871BA0050DDE7 /* Bildschirmfoto 2022-11-06 um 23.46.13.png */ = {isa = PBXFileReference; lastKnownFileType = image.png; path = "Bildschirmfoto 2022-11-06 um 23.46.13.png"; sourceTree = "<group>"; };
		AAA8E6C1290B07C800B0CD77 /* main.cpp */ = {isa = PBXFileReference; lastKnownFileType = sourcecode.cpp.cpp; path = main.cpp; sourceTree = "<group>"; };
		AAA8E6C3290B0D2D00B0CD77 /* piece.cpp */ = {isa = PBXFileReference; lastKnownFileType = sourcecode.cpp.cpp; path = piece.cpp; sourceTree = "<group>"; };
		AAF68BC5290AE4D000D33E9B /* FinalAnswer */ = {isa = PBXFileReference; explicitFileType = "compiled.mach-o.executable"; includeInIndex = 0; path = FinalAnswer; sourceTree = BUILT_PRODUCTS_DIR; };
		AAF68BD0290AE50500D33E9B /* piece.hpp */ = {isa = PBXFileReference; fileEncoding = 4; lastKnownFileType = sourcecode.cpp.h; path = piece.hpp; sourceTree = "<group>"; };
		AAF68BD1290AE50500D33E9B /* Singleton.cpp */ = {isa = PBXFileReference; fileEncoding = 4; lastKnownFileType = sourcecode.cpp.cpp; path = Singleton.cpp; sourceTree = "<group>"; };
		AAF68BD3290AE50500D33E9B /* Singleton.hpp */ = {isa = PBXFileReference; fileEncoding = 4; lastKnownFileType = sourcecode.cpp.h; path = Singleton.hpp; sourceTree = "<group>"; };
/* End PBXFileReference section */

/* Begin PBXFrameworksBuildPhase section */
		AAF68BC2290AE4D000D33E9B /* Frameworks */ = {
			isa = PBXFrameworksBuildPhase;
			buildActionMask = 2147483647;
			files = (
			);
			runOnlyForDeploymentPostprocessing = 0;
		};
/* End PBXFrameworksBuildPhase section */

/* Begin PBXGroup section */
		AA00E7B82910953F007C2BEF /* Frameworks */ = {
			isa = PBXGroup;
			children = (
				AA00E7B92910953F007C2BEF /* libncurses.tbd */,
			);
			name = Frameworks;
			sourceTree = "<group>";
		};
		AA3D1F7A291727B200B45B10 /* data */ = {
			isa = PBXGroup;
			children = (
				AA8BCCD8291871BA0050DDE7 /* Bildschirmfoto 2022-11-06 um 23.46.13.png */,
				AA3D1F7B291727ED00B45B10 /* data2x2.txt */,
				AA3D1F7D2917286500B45B10 /* data3x3.txt */,
				AA3D1F7E291728C300B45B10 /* data4x4.txt */,
				AA3D1F7F291728F000B45B10 /* data5x5.txt */,
				AA3D1F802917291C00B45B10 /* data6x6.txt */,
				AA3D1F812917296800B45B10 /* data7x7.txt */,
				AA3D1F8229184A2B00B45B10 /* data8x8.txt */,
			);
			path = data;
			sourceTree = "<group>";
		};
		AAF68BBC290AE4D000D33E9B = {
			isa = PBXGroup;
			children = (
				AA3D1F7A291727B200B45B10 /* data */,
				AAF68BC7290AE4D000D33E9B /* FinalAnswer */,
				AAF68BC6290AE4D000D33E9B /* Products */,
				AA00E7B82910953F007C2BEF /* Frameworks */,
			);
			sourceTree = "<group>";
		};
		AAF68BC6290AE4D000D33E9B /* Products */ = {
			isa = PBXGroup;
			children = (
				AAF68BC5290AE4D000D33E9B /* FinalAnswer */,
			);
			name = Products;
			sourceTree = "<group>";
		};
		AAF68BC7290AE4D000D33E9B /* FinalAnswer */ = {
			isa = PBXGroup;
			children = (
				AAA8E6C3290B0D2D00B0CD77 /* piece.cpp */,
				AAF68BD0290AE50500D33E9B /* piece.hpp */,
				AAF68BD1290AE50500D33E9B /* Singleton.cpp */,
				AAF68BD3290AE50500D33E9B /* Singleton.hpp */,
				AAA8E6C1290B07C800B0CD77 /* main.cpp */,
				AA00E7B6290DD046007C2BEF /* data.hpp */,
				AA3D1F6C2916998B00B45B10 /* termcolor.hpp */,
				AA3D1F6F2916A15200B45B10 /* args.cpp */,
				AA3D1F6E2916A15200B45B10 /* args.h */,
				AA3317A3291ABC3D00D206E6 /* solution.cpp */,
				AA3317A4291ABC3D00D206E6 /* solution.hpp */,
			);
			path = FinalAnswer;
			sourceTree = "<group>";
		};
/* End PBXGroup section */

/* Begin PBXNativeTarget section */
		AAF68BC4290AE4D000D33E9B /* FinalAnswer */ = {
			isa = PBXNativeTarget;
			buildConfigurationList = AAF68BCC290AE4D000D33E9B /* Build configuration list for PBXNativeTarget "FinalAnswer" */;
			buildPhases = (
				AAF68BC1290AE4D000D33E9B /* Sources */,
				AAF68BC2290AE4D000D33E9B /* Frameworks */,
				AAF68BC3290AE4D000D33E9B /* CopyFiles */,
			);
			buildRules = (
			);
			dependencies = (
			);
			name = FinalAnswer;
			productName = FinalAnswer;
			productReference = AAF68BC5290AE4D000D33E9B /* FinalAnswer */;
			productType = "com.apple.product-type.tool";
		};
/* End PBXNativeTarget section */

/* Begin PBXProject section */
		AAF68BBD290AE4D000D33E9B /* Project object */ = {
			isa = PBXProject;
			attributes = {
				BuildIndependentTargetsInParallel = 1;
				LastUpgradeCheck = 1340;
				TargetAttributes = {
					AAF68BC4290AE4D000D33E9B = {
						CreatedOnToolsVersion = 13.4.1;
					};
				};
			};
			buildConfigurationList = AAF68BC0290AE4D000D33E9B /* Build configuration list for PBXProject "FinalAnswer" */;
			compatibilityVersion = "Xcode 13.0";
			developmentRegion = en;
			hasScannedForEncodings = 0;
			knownRegions = (
				en,
				Base,
			);
			mainGroup = AAF68BBC290AE4D000D33E9B;
			productRefGroup = AAF68BC6290AE4D000D33E9B /* Products */;
			projectDirPath = "";
			projectRoot = "";
			targets = (
				AAF68BC4290AE4D000D33E9B /* FinalAnswer */,
			);
		};
/* End PBXProject section */

/* Begin PBXSourcesBuildPhase section */
		AAF68BC1290AE4D000D33E9B /* Sources */ = {
			isa = PBXSourcesBuildPhase;
			buildActionMask = 2147483647;
			files = (
				AAA8E6C2290B07C800B0CD77 /* main.cpp in Sources */,
				AAF68BD6290AE50500D33E9B /* Singleton.cpp in Sources */,
				AAA8E6C4290B0D2D00B0CD77 /* piece.cpp in Sources */,
				AA3D1F702916A15200B45B10 /* args.cpp in Sources */,
				AA3317A5291ABC3D00D206E6 /* solution.cpp in Sources */,
				AA00E7B7290DD046007C2BEF /* data.hpp in Sources */,
			);
			runOnlyForDeploymentPostprocessing = 0;
		};
/* End PBXSourcesBuildPhase section */

/* Begin XCBuildConfiguration section */
		AAF68BCA290AE4D000D33E9B /* Debug */ = {
			isa = XCBuildConfiguration;
			buildSettings = {
				ALWAYS_SEARCH_USER_PATHS = NO;
				CLANG_ANALYZER_NONNULL = YES;
				CLANG_ANALYZER_NUMBER_OBJECT_CONVERSION = YES_AGGRESSIVE;
				CLANG_CXX_LANGUAGE_STANDARD = "gnu++17";
				CLANG_ENABLE_MODULES = YES;
				CLANG_ENABLE_OBJC_ARC = YES;
				CLANG_ENABLE_OBJC_WEAK = YES;
				CLANG_WARN_BLOCK_CAPTURE_AUTORELEASING = YES;
				CLANG_WARN_BOOL_CONVERSION = YES;
				CLANG_WARN_COMMA = YES;
				CLANG_WARN_CONSTANT_CONVERSION = YES;
				CLANG_WARN_DEPRECATED_OBJC_IMPLEMENTATIONS = YES;
				CLANG_WARN_DIRECT_OBJC_ISA_USAGE = YES_ERROR;
				CLANG_WARN_DOCUMENTATION_COMMENTS = YES;
				CLANG_WARN_EMPTY_BODY = YES;
				CLANG_WARN_ENUM_CONVERSION = YES;
				CLANG_WARN_INFINITE_RECURSION = YES;
				CLANG_WARN_INT_CONVERSION = YES;
				CLANG_WARN_NON_LITERAL_NULL_CONVERSION = YES;
				CLANG_WARN_OBJC_IMPLICIT_RETAIN_SELF = YES;
				CLANG_WARN_OBJC_LITERAL_CONVERSION = YES;
				CLANG_WARN_OBJC_ROOT_CLASS = YES_ERROR;
				CLANG_WARN_QUOTED_INCLUDE_IN_FRAMEWORK_HEADER = YES;
				CLANG_WARN_RANGE_LOOP_ANALYSIS = YES;
				CLANG_WARN_STRICT_PROTOTYPES = YES;
				CLANG_WARN_SUSPICIOUS_MOVE = YES;
				CLANG_WARN_UNGUARDED_AVAILABILITY = YES_AGGRESSIVE;
				CLANG_WARN_UNREACHABLE_CODE = YES;
				CLANG_WARN__DUPLICATE_METHOD_MATCH = YES;
				COPY_PHASE_STRIP = NO;
				DEBUG_INFORMATION_FORMAT = dwarf;
				ENABLE_STRICT_OBJC_MSGSEND = YES;
				ENABLE_TESTABILITY = YES;
				GCC_C_LANGUAGE_STANDARD = gnu11;
				GCC_DYNAMIC_NO_PIC = NO;
				GCC_NO_COMMON_BLOCKS = YES;
				GCC_OPTIMIZATION_LEVEL = 0;
				GCC_PREPROCESSOR_DEFINITIONS = (
					"DEBUG=1",
					"$(inherited)",
				);
				GCC_WARN_64_TO_32_BIT_CONVERSION = YES;
				GCC_WARN_ABOUT_RETURN_TYPE = YES_ERROR;
				GCC_WARN_UNDECLARED_SELECTOR = YES;
				GCC_WARN_UNINITIALIZED_AUTOS = YES_AGGRESSIVE;
				GCC_WARN_UNUSED_FUNCTION = YES;
				GCC_WARN_UNUSED_VARIABLE = YES;
				MACOSX_DEPLOYMENT_TARGET = 12.3;
				MTL_ENABLE_DEBUG_INFO = INCLUDE_SOURCE;
				MTL_FAST_MATH = YES;
				ONLY_ACTIVE_ARCH = YES;
				SDKROOT = macosx;
			};
			name = Debug;
		};
		AAF68BCB290AE4D000D33E9B /* Release */ = {
			isa = XCBuildConfiguration;
			buildSettings = {
				ALWAYS_SEARCH_USER_PATHS = NO;
				CLANG_ANALYZER_NONNULL = YES;
				CLANG_ANALYZER_NUMBER_OBJECT_CONVERSION = YES_AGGRESSIVE;
				CLANG_CXX_LANGUAGE_STANDARD = "gnu++17";
				CLANG_ENABLE_MODULES = YES;
				CLANG_ENABLE_OBJC_ARC = YES;
				CLANG_ENABLE_OBJC_WEAK = YES;
				CLANG_WARN_BLOCK_CAPTURE_AUTORELEASING = YES;
				CLANG_WARN_BOOL_CONVERSION = YES;
				CLANG_WARN_COMMA = YES;
				CLANG_WARN_CONSTANT_CONVERSION = YES;
				CLANG_WARN_DEPRECATED_OBJC_IMPLEMENTATIONS = YES;
				CLANG_WARN_DIRECT_OBJC_ISA_USAGE = YES_ERROR;
				CLANG_WARN_DOCUMENTATION_COMMENTS = YES;
				CLANG_WARN_EMPTY_BODY = YES;
				CLANG_WARN_ENUM_CONVERSION = YES;
				CLANG_WARN_INFINITE_RECURSION = YES;
				CLANG_WARN_INT_CONVERSION = YES;
				CLANG_WARN_NON_LITERAL_NULL_CONVERSION = YES;
				CLANG_WARN_OBJC_IMPLICIT_RETAIN_SELF = YES;
				CLANG_WARN_OBJC_LITERAL_CONVERSION = YES;
				CLANG_WARN_OBJC_ROOT_CLASS = YES_ERROR;
				CLANG_WARN_QUOTED_INCLUDE_IN_FRAMEWORK_HEADER = YES;
				CLANG_WARN_RANGE_LOOP_ANALYSIS = YES;
				CLANG_WARN_STRICT_PROTOTYPES = YES;
				CLANG_WARN_SUSPICIOUS_MOVE = YES;
				CLANG_WARN_UNGUARDED_AVAILABILITY = YES_AGGRESSIVE;
				CLANG_WARN_UNREACHABLE_CODE = YES;
				CLANG_WARN__DUPLICATE_METHOD_MATCH = YES;
				COPY_PHASE_STRIP = NO;
				DEBUG_INFORMATION_FORMAT = "dwarf-with-dsym";
				ENABLE_NS_ASSERTIONS = NO;
				ENABLE_STRICT_OBJC_MSGSEND = YES;
				GCC_C_LANGUAGE_STANDARD = gnu11;
				GCC_NO_COMMON_BLOCKS = YES;
				GCC_OPTIMIZATION_LEVEL = fast;
				GCC_WARN_64_TO_32_BIT_CONVERSION = YES;
				GCC_WARN_ABOUT_RETURN_TYPE = YES_ERROR;
				GCC_WARN_UNDECLARED_SELECTOR = YES;
				GCC_WARN_UNINITIALIZED_AUTOS = YES_AGGRESSIVE;
				GCC_WARN_UNUSED_FUNCTION = YES;
				GCC_WARN_UNUSED_VARIABLE = YES;
				MACOSX_DEPLOYMENT_TARGET = 12.3;
				MTL_ENABLE_DEBUG_INFO = NO;
				MTL_FAST_MATH = YES;
				SDKROOT = macosx;
			};
			name = Release;
		};
		AAF68BCD290AE4D000D33E9B /* Debug */ = {
			isa = XCBuildConfiguration;
			buildSettings = {
				CODE_SIGN_STYLE = Automatic;
				DEVELOPMENT_TEAM = UY3M4MP5N6;
				ENABLE_HARDENED_RUNTIME = YES;
				PRODUCT_NAME = "$(TARGET_NAME)";
			};
			name = Debug;
		};
		AAF68BCE290AE4D000D33E9B /* Release */ = {
			isa = XCBuildConfiguration;
			buildSettings = {
				CODE_SIGN_STYLE = Automatic;
				DEVELOPMENT_TEAM = UY3M4MP5N6;
				ENABLE_HARDENED_RUNTIME = YES;
				PRODUCT_NAME = "$(TARGET_NAME)";
			};
			name = Release;
		};
/* End XCBuildConfiguration section */

/* Begin XCConfigurationList section */
		AAF68BC0290AE4D000D33E9B /* Build configuration list for PBXProject "FinalAnswer" */ = {
			isa = XCConfigurationList;
			buildConfigurations = (
				AAF68BCA290AE4D000D33E9B /* Debug */,
				AAF68BCB290AE4D000D33E9B /* Release */,
			);
			defaultConfigurationIsVisible = 0;
			defaultConfigurationName = Release;
		};
		AAF68BCC290AE4D000D33E9B /* Build configuration list for PBXNativeTarget "FinalAnswer" */ = {
			isa = XCConfigurationList;
			buildConfigurations = (
				AAF68BCD290AE4D000D33E9B /* Debug */,
				AAF68BCE290AE4D000D33E9B /* Release */,
			);
			defaultConfigurationIsVisible = 0;
			defaultConfigurationName = Release;
		};
/* End XCConfigurationList section */
	};
	rootObject = AAF68BBD290AE4D000D33E9B /* Project object */;
}
